// !$*UTF8*$!
{
	archiveVersion = 1;
	classes = {
	};
	objectVersion = 50;
	objects = {

/* Begin PBXBuildFile section */
		F20F190826C4892A003B37E0 /* WidgetTodoApp.swift in Sources */ = {isa = PBXBuildFile; fileRef = F20F190726C4892A003B37E0 /* WidgetTodoApp.swift */; };
		F20F190A26C4892A003B37E0 /* ContentView.swift in Sources */ = {isa = PBXBuildFile; fileRef = F20F190926C4892A003B37E0 /* ContentView.swift */; };
		F20F190C26C4892C003B37E0 /* Assets.xcassets in Resources */ = {isa = PBXBuildFile; fileRef = F20F190B26C4892C003B37E0 /* Assets.xcassets */; };
		F20F190F26C4892C003B37E0 /* Preview Assets.xcassets in Resources */ = {isa = PBXBuildFile; fileRef = F20F190E26C4892C003B37E0 /* Preview Assets.xcassets */; };
		F20F191126C4892C003B37E0 /* Persistence.swift in Sources */ = {isa = PBXBuildFile; fileRef = F20F191026C4892C003B37E0 /* Persistence.swift */; };
		F20F191426C4892C003B37E0 /* WidgetTodo.xcdatamodeld in Sources */ = {isa = PBXBuildFile; fileRef = F20F191226C4892C003B37E0 /* WidgetTodo.xcdatamodeld */; };
		F20F191E26C489FC003B37E0 /* sound-rise.mp3 in Resources */ = {isa = PBXBuildFile; fileRef = F20F191B26C489FC003B37E0 /* sound-rise.mp3 */; };
		F20F191F26C489FC003B37E0 /* sound-tap.mp3 in Resources */ = {isa = PBXBuildFile; fileRef = F20F191C26C489FC003B37E0 /* sound-tap.mp3 */; };
		F20F192026C489FC003B37E0 /* sound-ding.mp3 in Resources */ = {isa = PBXBuildFile; fileRef = F20F191D26C489FC003B37E0 /* sound-ding.mp3 */; };
		F20F192C26C495B2003B37E0 /* Constant.swift in Sources */ = {isa = PBXBuildFile; fileRef = F20F192B26C495B2003B37E0 /* Constant.swift */; };
/* End PBXBuildFile section */

/* Begin PBXFileReference section */
		F20F190426C4892A003B37E0 /* WidgetTodo.app */ = {isa = PBXFileReference; explicitFileType = wrapper.application; includeInIndex = 0; path = WidgetTodo.app; sourceTree = BUILT_PRODUCTS_DIR; };
		F20F190726C4892A003B37E0 /* WidgetTodoApp.swift */ = {isa = PBXFileReference; lastKnownFileType = sourcecode.swift; path = WidgetTodoApp.swift; sourceTree = "<group>"; };
		F20F190926C4892A003B37E0 /* ContentView.swift */ = {isa = PBXFileReference; lastKnownFileType = sourcecode.swift; path = ContentView.swift; sourceTree = "<group>"; };
		F20F190B26C4892C003B37E0 /* Assets.xcassets */ = {isa = PBXFileReference; lastKnownFileType = folder.assetcatalog; path = Assets.xcassets; sourceTree = "<group>"; };
		F20F190E26C4892C003B37E0 /* Preview Assets.xcassets */ = {isa = PBXFileReference; lastKnownFileType = folder.assetcatalog; path = "Preview Assets.xcassets"; sourceTree = "<group>"; };
		F20F191026C4892C003B37E0 /* Persistence.swift */ = {isa = PBXFileReference; lastKnownFileType = sourcecode.swift; path = Persistence.swift; sourceTree = "<group>"; };
		F20F191326C4892C003B37E0 /* WidgetTodo.xcdatamodel */ = {isa = PBXFileReference; lastKnownFileType = wrapper.xcdatamodel; path = WidgetTodo.xcdatamodel; sourceTree = "<group>"; };
		F20F191526C4892C003B37E0 /* Info.plist */ = {isa = PBXFileReference; lastKnownFileType = text.plist.xml; path = Info.plist; sourceTree = "<group>"; };
		F20F191B26C489FC003B37E0 /* sound-rise.mp3 */ = {isa = PBXFileReference; lastKnownFileType = audio.mp3; path = "sound-rise.mp3"; sourceTree = "<group>"; };
		F20F191C26C489FC003B37E0 /* sound-tap.mp3 */ = {isa = PBXFileReference; lastKnownFileType = audio.mp3; path = "sound-tap.mp3"; sourceTree = "<group>"; };
		F20F191D26C489FC003B37E0 /* sound-ding.mp3 */ = {isa = PBXFileReference; lastKnownFileType = audio.mp3; path = "sound-ding.mp3"; sourceTree = "<group>"; };
		F20F192B26C495B2003B37E0 /* Constant.swift */ = {isa = PBXFileReference; lastKnownFileType = sourcecode.swift; path = Constant.swift; sourceTree = "<group>"; };
/* End PBXFileReference section */

/* Begin PBXFrameworksBuildPhase section */
		F20F190126C4892A003B37E0 /* Frameworks */ = {
			isa = PBXFrameworksBuildPhase;
			buildActionMask = 2147483647;
			files = (
			);
			runOnlyForDeploymentPostprocessing = 0;
		};
/* End PBXFrameworksBuildPhase section */

/* Begin PBXGroup section */
		F20F18FB26C4892A003B37E0 = {
			isa = PBXGroup;
			children = (
				F20F190626C4892A003B37E0 /* WidgetTodo */,
				F20F190526C4892A003B37E0 /* Products */,
			);
			sourceTree = "<group>";
		};
		F20F190526C4892A003B37E0 /* Products */ = {
			isa = PBXGroup;
			children = (
				F20F190426C4892A003B37E0 /* WidgetTodo.app */,
			);
			name = Products;
			sourceTree = "<group>";
		};
		F20F190626C4892A003B37E0 /* WidgetTodo */ = {
			isa = PBXGroup;
			children = (
				F20F190726C4892A003B37E0 /* WidgetTodoApp.swift */,
				F20F190B26C4892C003B37E0 /* Assets.xcassets */,
				F20F192426C48A54003B37E0 /* Extension */,
				F20F191526C4892C003B37E0 /* Info.plist */,
				F20F192626C48AA2003B37E0 /* Model */,
				F20F190D26C4892C003B37E0 /* Preview Content */,
				F20F192126C48A15003B37E0 /* Sound */,
				F20F192226C48A2F003B37E0 /* Style */,
				F20F192326C48A3D003B37E0 /* Utility */,
				F20F192526C48A62003B37E0 /* View */,
			);
			path = WidgetTodo;
			sourceTree = "<group>";
		};
		F20F190D26C4892C003B37E0 /* Preview Content */ = {
			isa = PBXGroup;
			children = (
				F20F190E26C4892C003B37E0 /* Preview Assets.xcassets */,
			);
			path = "Preview Content";
			sourceTree = "<group>";
		};
		F20F192126C48A15003B37E0 /* Sound */ = {
			isa = PBXGroup;
			children = (
				F20F191D26C489FC003B37E0 /* sound-ding.mp3 */,
				F20F191B26C489FC003B37E0 /* sound-rise.mp3 */,
				F20F191C26C489FC003B37E0 /* sound-tap.mp3 */,
			);
			path = Sound;
			sourceTree = "<group>";
		};
		F20F192226C48A2F003B37E0 /* Style */ = {
			isa = PBXGroup;
			children = (
			);
			path = Style;
			sourceTree = "<group>";
		};
		F20F192326C48A3D003B37E0 /* Utility */ = {
			isa = PBXGroup;
			children = (
				F20F192B26C495B2003B37E0 /* Constant.swift */,
			);
			path = Utility;
			sourceTree = "<group>";
		};
		F20F192426C48A54003B37E0 /* Extension */ = {
			isa = PBXGroup;
			children = (
			);
			path = Extension;
			sourceTree = "<group>";
		};
		F20F192526C48A62003B37E0 /* View */ = {
			isa = PBXGroup;
			children = (
				F20F190926C4892A003B37E0 /* ContentView.swift */,
			);
			path = View;
			sourceTree = "<group>";
		};
		F20F192626C48AA2003B37E0 /* Model */ = {
			isa = PBXGroup;
			children = (
				F20F191226C4892C003B37E0 /* WidgetTodo.xcdatamodeld */,
				F20F191026C4892C003B37E0 /* Persistence.swift */,
			);
			path = Model;
			sourceTree = "<group>";
		};
/* End PBXGroup section */

/* Begin PBXNativeTarget section */
		F20F190326C4892A003B37E0 /* WidgetTodo */ = {
			isa = PBXNativeTarget;
			buildConfigurationList = F20F191826C4892C003B37E0 /* Build configuration list for PBXNativeTarget "WidgetTodo" */;
			buildPhases = (
				F20F190026C4892A003B37E0 /* Sources */,
				F20F190126C4892A003B37E0 /* Frameworks */,
				F20F190226C4892A003B37E0 /* Resources */,
			);
			buildRules = (
			);
			dependencies = (
			);
			name = WidgetTodo;
			productName = WidgetTodo;
			productReference = F20F190426C4892A003B37E0 /* WidgetTodo.app */;
			productType = "com.apple.product-type.application";
		};
/* End PBXNativeTarget section */

/* Begin PBXProject section */
		F20F18FC26C4892A003B37E0 /* Project object */ = {
			isa = PBXProject;
			attributes = {
				LastSwiftUpdateCheck = 1250;
				LastUpgradeCheck = 1250;
				TargetAttributes = {
					F20F190326C4892A003B37E0 = {
						CreatedOnToolsVersion = 12.5.1;
					};
				};
			};
			buildConfigurationList = F20F18FF26C4892A003B37E0 /* Build configuration list for PBXProject "WidgetTodo" */;
			compatibilityVersion = "Xcode 9.3";
			developmentRegion = en;
			hasScannedForEncodings = 0;
			knownRegions = (
				en,
				Base,
			);
			mainGroup = F20F18FB26C4892A003B37E0;
			productRefGroup = F20F190526C4892A003B37E0 /* Products */;
			projectDirPath = "";
			projectRoot = "";
			targets = (
				F20F190326C4892A003B37E0 /* WidgetTodo */,
			);
		};
/* End PBXProject section */

/* Begin PBXResourcesBuildPhase section */
		F20F190226C4892A003B37E0 /* Resources */ = {
			isa = PBXResourcesBuildPhase;
			buildActionMask = 2147483647;
			files = (
				F20F192026C489FC003B37E0 /* sound-ding.mp3 in Resources */,
				F20F191E26C489FC003B37E0 /* sound-rise.mp3 in Resources */,
				F20F190F26C4892C003B37E0 /* Preview Assets.xcassets in Resources */,
				F20F191F26C489FC003B37E0 /* sound-tap.mp3 in Resources */,
				F20F190C26C4892C003B37E0 /* Assets.xcassets in Resources */,
			);
			runOnlyForDeploymentPostprocessing = 0;
		};
/* End PBXResourcesBuildPhase section */

/* Begin PBXSourcesBuildPhase section */
		F20F190026C4892A003B37E0 /* Sources */ = {
			isa = PBXSourcesBuildPhase;
			buildActionMask = 2147483647;
			files = (
				F20F191126C4892C003B37E0 /* Persistence.swift in Sources */,
				F20F191426C4892C003B37E0 /* WidgetTodo.xcdatamodeld in Sources */,
				F20F192C26C495B2003B37E0 /* Constant.swift in Sources */,
				F20F190A26C4892A003B37E0 /* ContentView.swift in Sources */,
				F20F190826C4892A003B37E0 /* WidgetTodoApp.swift in Sources */,
			);
			runOnlyForDeploymentPostprocessing = 0;
		};
/* End PBXSourcesBuildPhase section */

/* Begin XCBuildConfiguration section */
		F20F191626C4892C003B37E0 /* Debug */ = {
			isa = XCBuildConfiguration;
			buildSettings = {
				ALWAYS_SEARCH_USER_PATHS = NO;
				CLANG_ANALYZER_NONNULL = YES;
				CLANG_ANALYZER_NUMBER_OBJECT_CONVERSION = YES_AGGRESSIVE;
				CLANG_CXX_LANGUAGE_STANDARD = "gnu++14";
				CLANG_CXX_LIBRARY = "libc++";
				CLANG_ENABLE_MODULES = YES;
				CLANG_ENABLE_OBJC_ARC = YES;
				CLANG_ENABLE_OBJC_WEAK = YES;
				CLANG_WARN_BLOCK_CAPTURE_AUTORELEASING = YES;
				CLANG_WARN_BOOL_CONVERSION = YES;
				CLANG_WARN_COMMA = YES;
				CLANG_WARN_CONSTANT_CONVERSION = YES;
				CLANG_WARN_DEPRECATED_OBJC_IMPLEMENTATIONS = YES;
				CLANG_WARN_DIRECT_OBJC_ISA_USAGE = YES_ERROR;
				CLANG_WARN_DOCUMENTATION_COMMENTS = YES;
				CLANG_WARN_EMPTY_BODY = YES;
				CLANG_WARN_ENUM_CONVERSION = YES;
				CLANG_WARN_INFINITE_RECURSION = YES;
				CLANG_WARN_INT_CONVERSION = YES;
				CLANG_WARN_NON_LITERAL_NULL_CONVERSION = YES;
				CLANG_WARN_OBJC_IMPLICIT_RETAIN_SELF = YES;
				CLANG_WARN_OBJC_LITERAL_CONVERSION = YES;
				CLANG_WARN_OBJC_ROOT_CLASS = YES_ERROR;
				CLANG_WARN_QUOTED_INCLUDE_IN_FRAMEWORK_HEADER = YES;
				CLANG_WARN_RANGE_LOOP_ANALYSIS = YES;
				CLANG_WARN_STRICT_PROTOTYPES = YES;
				CLANG_WARN_SUSPICIOUS_MOVE = YES;
				CLANG_WARN_UNGUARDED_AVAILABILITY = YES_AGGRESSIVE;
				CLANG_WARN_UNREACHABLE_CODE = YES;
				CLANG_WARN__DUPLICATE_METHOD_MATCH = YES;
				COPY_PHASE_STRIP = NO;
				DEBUG_INFORMATION_FORMAT = dwarf;
				ENABLE_STRICT_OBJC_MSGSEND = YES;
				ENABLE_TESTABILITY = YES;
				GCC_C_LANGUAGE_STANDARD = gnu11;
				GCC_DYNAMIC_NO_PIC = NO;
				GCC_NO_COMMON_BLOCKS = YES;
				GCC_OPTIMIZATION_LEVEL = 0;
				GCC_PREPROCESSOR_DEFINITIONS = (
					"DEBUG=1",
					"$(inherited)",
				);
				GCC_WARN_64_TO_32_BIT_CONVERSION = YES;
				GCC_WARN_ABOUT_RETURN_TYPE = YES_ERROR;
				GCC_WARN_UNDECLARED_SELECTOR = YES;
				GCC_WARN_UNINITIALIZED_AUTOS = YES_AGGRESSIVE;
				GCC_WARN_UNUSED_FUNCTION = YES;
				GCC_WARN_UNUSED_VARIABLE = YES;
				IPHONEOS_DEPLOYMENT_TARGET = 14.5;
				MTL_ENABLE_DEBUG_INFO = INCLUDE_SOURCE;
				MTL_FAST_MATH = YES;
				ONLY_ACTIVE_ARCH = YES;
				SDKROOT = iphoneos;
				SWIFT_ACTIVE_COMPILATION_CONDITIONS = DEBUG;
				SWIFT_OPTIMIZATION_LEVEL = "-Onone";
			};
			name = Debug;
		};
		F20F191726C4892C003B37E0 /* Release */ = {
			isa = XCBuildConfiguration;
			buildSettings = {
				ALWAYS_SEARCH_USER_PATHS = NO;
				CLANG_ANALYZER_NONNULL = YES;
				CLANG_ANALYZER_NUMBER_OBJECT_CONVERSION = YES_AGGRESSIVE;
				CLANG_CXX_LANGUAGE_STANDARD = "gnu++14";
				CLANG_CXX_LIBRARY = "libc++";
				CLANG_ENABLE_MODULES = YES;
				CLANG_ENABLE_OBJC_ARC = YES;
				CLANG_ENABLE_OBJC_WEAK = YES;
				CLANG_WARN_BLOCK_CAPTURE_AUTORELEASING = YES;
				CLANG_WARN_BOOL_CONVERSION = YES;
				CLANG_WARN_COMMA = YES;
				CLANG_WARN_CONSTANT_CONVERSION = YES;
				CLANG_WARN_DEPRECATED_OBJC_IMPLEMENTATIONS = YES;
				CLANG_WARN_DIRECT_OBJC_ISA_USAGE = YES_ERROR;
				CLANG_WARN_DOCUMENTATION_COMMENTS = YES;
				CLANG_WARN_EMPTY_BODY = YES;
				CLANG_WARN_ENUM_CONVERSION = YES;
				CLANG_WARN_INFINITE_RECURSION = YES;
				CLANG_WARN_INT_CONVERSION = YES;
				CLANG_WARN_NON_LITERAL_NULL_CONVERSION = YES;
				CLANG_WARN_OBJC_IMPLICIT_RETAIN_SELF = YES;
				CLANG_WARN_OBJC_LITERAL_CONVERSION = YES;
				CLANG_WARN_OBJC_ROOT_CLASS = YES_ERROR;
				CLANG_WARN_QUOTED_INCLUDE_IN_FRAMEWORK_HEADER = YES;
				CLANG_WARN_RANGE_LOOP_ANALYSIS = YES;
				CLANG_WARN_STRICT_PROTOTYPES = YES;
				CLANG_WARN_SUSPICIOUS_MOVE = YES;
				CLANG_WARN_UNGUARDED_AVAILABILITY = YES_AGGRESSIVE;
				CLANG_WARN_UNREACHABLE_CODE = YES;
				CLANG_WARN__DUPLICATE_METHOD_MATCH = YES;
				COPY_PHASE_STRIP = NO;
				DEBUG_INFORMATION_FORMAT = "dwarf-with-dsym";
				ENABLE_NS_ASSERTIONS = NO;
				ENABLE_STRICT_OBJC_MSGSEND = YES;
				GCC_C_LANGUAGE_STANDARD = gnu11;
				GCC_NO_COMMON_BLOCKS = YES;
				GCC_WARN_64_TO_32_BIT_CONVERSION = YES;
				GCC_WARN_ABOUT_RETURN_TYPE = YES_ERROR;
				GCC_WARN_UNDECLARED_SELECTOR = YES;
				GCC_WARN_UNINITIALIZED_AUTOS = YES_AGGRESSIVE;
				GCC_WARN_UNUSED_FUNCTION = YES;
				GCC_WARN_UNUSED_VARIABLE = YES;
				IPHONEOS_DEPLOYMENT_TARGET = 14.5;
				MTL_ENABLE_DEBUG_INFO = NO;
				MTL_FAST_MATH = YES;
				SDKROOT = iphoneos;
				SWIFT_COMPILATION_MODE = wholemodule;
				SWIFT_OPTIMIZATION_LEVEL = "-O";
				VALIDATE_PRODUCT = YES;
			};
			name = Release;
		};
		F20F191926C4892C003B37E0 /* Debug */ = {
			isa = XCBuildConfiguration;
			buildSettings = {
				ASSETCATALOG_COMPILER_APPICON_NAME = AppIcon;
				ASSETCATALOG_COMPILER_GLOBAL_ACCENT_COLOR_NAME = AccentColor;
				CODE_SIGN_STYLE = Automatic;
				DEVELOPMENT_ASSET_PATHS = "\"WidgetTodo/Preview Content\"";
				DEVELOPMENT_TEAM = 69MAR4S32D;
				ENABLE_PREVIEWS = YES;
				INFOPLIST_FILE = WidgetTodo/Info.plist;
				IPHONEOS_DEPLOYMENT_TARGET = 14.0;
				LD_RUNPATH_SEARCH_PATHS = (
					"$(inherited)",
					"@executable_path/Frameworks",
				);
				PRODUCT_BUNDLE_IDENTIFIER = com.TaishiKusunose.WidgetTodo;
				PRODUCT_NAME = "$(TARGET_NAME)";
				SWIFT_VERSION = 5.0;
				TARGETED_DEVICE_FAMILY = "1,2";
			};
			name = Debug;
		};
		F20F191A26C4892C003B37E0 /* Release */ = {
			isa = XCBuildConfiguration;
			buildSettings = {
				ASSETCATALOG_COMPILER_APPICON_NAME = AppIcon;
				ASSETCATALOG_COMPILER_GLOBAL_ACCENT_COLOR_NAME = AccentColor;
				CODE_SIGN_STYLE = Automatic;
				DEVELOPMENT_ASSET_PATHS = "\"WidgetTodo/Preview Content\"";
				DEVELOPMENT_TEAM = 69MAR4S32D;
				ENABLE_PREVIEWS = YES;
				INFOPLIST_FILE = WidgetTodo/Info.plist;
				IPHONEOS_DEPLOYMENT_TARGET = 14.0;
				LD_RUNPATH_SEARCH_PATHS = (
					"$(inherited)",
					"@executable_path/Frameworks",
				);
				PRODUCT_BUNDLE_IDENTIFIER = com.TaishiKusunose.WidgetTodo;
				PRODUCT_NAME = "$(TARGET_NAME)";
				SWIFT_VERSION = 5.0;
				TARGETED_DEVICE_FAMILY = "1,2";
			};
			name = Release;
		};
/* End XCBuildConfiguration section */

/* Begin XCConfigurationList section */
		F20F18FF26C4892A003B37E0 /* Build configuration list for PBXProject "WidgetTodo" */ = {
			isa = XCConfigurationList;
			buildConfigurations = (
				F20F191626C4892C003B37E0 /* Debug */,
				F20F191726C4892C003B37E0 /* Release */,
			);
			defaultConfigurationIsVisible = 0;
			defaultConfigurationName = Release;
		};
		F20F191826C4892C003B37E0 /* Build configuration list for PBXNativeTarget "WidgetTodo" */ = {
			isa = XCConfigurationList;
			buildConfigurations = (
				F20F191926C4892C003B37E0 /* Debug */,
				F20F191A26C4892C003B37E0 /* Release */,
			);
			defaultConfigurationIsVisible = 0;
			defaultConfigurationName = Release;
		};
/* End XCConfigurationList section */

/* Begin XCVersionGroup section */
		F20F191226C4892C003B37E0 /* WidgetTodo.xcdatamodeld */ = {
			isa = XCVersionGroup;
			children = (
				F20F191326C4892C003B37E0 /* WidgetTodo.xcdatamodel */,
			);
			currentVersion = F20F191326C4892C003B37E0 /* WidgetTodo.xcdatamodel */;
			path = WidgetTodo.xcdatamodeld;
			sourceTree = "<group>";
			versionGroupType = wrapper.xcdatamodel;
		};
/* End XCVersionGroup section */
	};
	rootObject = F20F18FC26C4892A003B37E0 /* Project object */;
}
